// !$*UTF8*$!
{
	archiveVersion = 1;
	classes = {
	};
	objectVersion = 52;
	objects = {

/* Begin PBXBuildFile section */
		B356B28425B38EAE008AA0DC /* AllEpisodes.swift in Sources */ = {isa = PBXBuildFile; fileRef = B356B28325B38EAE008AA0DC /* AllEpisodes.swift */; };
		B356B28825B39215008AA0DC /* EpisodeView.swift in Sources */ = {isa = PBXBuildFile; fileRef = B356B28725B39215008AA0DC /* EpisodeView.swift */; };
		B356B28E25B397B9008AA0DC /* EpisodeViewView.swift in Sources */ = {isa = PBXBuildFile; fileRef = B356B28D25B397B9008AA0DC /* EpisodeViewView.swift */; };
		B356B29125B3B169008AA0DC /* Player.swift in Sources */ = {isa = PBXBuildFile; fileRef = B356B29025B3B169008AA0DC /* Player.swift */; };
		B3B97D4B25AA7B3300BEC4F6 /* SwiftTalkApp.swift in Sources */ = {isa = PBXBuildFile; fileRef = B3B97D4A25AA7B3300BEC4F6 /* SwiftTalkApp.swift */; };
		B3B97D4D25AA7B3300BEC4F6 /* ContentView.swift in Sources */ = {isa = PBXBuildFile; fileRef = B3B97D4C25AA7B3300BEC4F6 /* ContentView.swift */; };
		B3B97D4F25AA7B3600BEC4F6 /* Assets.xcassets in Resources */ = {isa = PBXBuildFile; fileRef = B3B97D4E25AA7B3600BEC4F6 /* Assets.xcassets */; };
		B3B97D5225AA7B3600BEC4F6 /* Preview Assets.xcassets in Resources */ = {isa = PBXBuildFile; fileRef = B3B97D5125AA7B3600BEC4F6 /* Preview Assets.xcassets */; };
		B3B97D5C25AA7CEB00BEC4F6 /* TinyNetworking in Frameworks */ = {isa = PBXBuildFile; productRef = B3B97D5B25AA7CEB00BEC4F6 /* TinyNetworking */; };
		B3B97D6025AA7D3300BEC4F6 /* Model in Frameworks */ = {isa = PBXBuildFile; productRef = B3B97D5F25AA7D3300BEC4F6 /* Model */; };
		B3B97D6225AA7D3300BEC4F6 /* ViewHelpers in Frameworks */ = {isa = PBXBuildFile; productRef = B3B97D6125AA7D3300BEC4F6 /* ViewHelpers */; };
		B3B97D6625AA7DDD00BEC4F6 /* episodes.json in Resources */ = {isa = PBXBuildFile; fileRef = B3B97D6425AA7DDD00BEC4F6 /* episodes.json */; };
		B3B97D6725AA7DDD00BEC4F6 /* collections.json in Resources */ = {isa = PBXBuildFile; fileRef = B3B97D6525AA7DDD00BEC4F6 /* collections.json */; };
		B3B97D6A25AA7E0800BEC4F6 /* Model.swift in Sources */ = {isa = PBXBuildFile; fileRef = B3B97D6925AA7E0800BEC4F6 /* Model.swift */; };
		B3B97D6F25AA7EBC00BEC4F6 /* Resource.swift in Sources */ = {isa = PBXBuildFile; fileRef = B3B97D6E25AA7EBC00BEC4F6 /* Resource.swift */; };
		B3B97D7325AA841F00BEC4F6 /* CollectionsList.swift in Sources */ = {isa = PBXBuildFile; fileRef = B3B97D7225AA841F00BEC4F6 /* CollectionsList.swift */; };
		B3B97D7625AA882200BEC4F6 /* CollectionDetails.swift in Sources */ = {isa = PBXBuildFile; fileRef = B3B97D7525AA882200BEC4F6 /* CollectionDetails.swift */; };
/* End PBXBuildFile section */

/* Begin PBXFileReference section */
		B356B28325B38EAE008AA0DC /* AllEpisodes.swift */ = {isa = PBXFileReference; lastKnownFileType = sourcecode.swift; path = AllEpisodes.swift; sourceTree = "<group>"; };
		B356B28725B39215008AA0DC /* EpisodeView.swift */ = {isa = PBXFileReference; lastKnownFileType = sourcecode.swift; path = EpisodeView.swift; sourceTree = "<group>"; };
		B356B28D25B397B9008AA0DC /* EpisodeViewView.swift */ = {isa = PBXFileReference; lastKnownFileType = sourcecode.swift; path = EpisodeViewView.swift; sourceTree = "<group>"; };
		B356B29025B3B169008AA0DC /* Player.swift */ = {isa = PBXFileReference; lastKnownFileType = sourcecode.swift; path = Player.swift; sourceTree = "<group>"; };
		B3B97D4725AA7B3300BEC4F6 /* SwiftTalk.app */ = {isa = PBXFileReference; explicitFileType = wrapper.application; includeInIndex = 0; path = SwiftTalk.app; sourceTree = BUILT_PRODUCTS_DIR; };
		B3B97D4A25AA7B3300BEC4F6 /* SwiftTalkApp.swift */ = {isa = PBXFileReference; lastKnownFileType = sourcecode.swift; path = SwiftTalkApp.swift; sourceTree = "<group>"; };
		B3B97D4C25AA7B3300BEC4F6 /* ContentView.swift */ = {isa = PBXFileReference; lastKnownFileType = sourcecode.swift; path = ContentView.swift; sourceTree = "<group>"; };
		B3B97D4E25AA7B3600BEC4F6 /* Assets.xcassets */ = {isa = PBXFileReference; lastKnownFileType = folder.assetcatalog; path = Assets.xcassets; sourceTree = "<group>"; };
		B3B97D5125AA7B3600BEC4F6 /* Preview Assets.xcassets */ = {isa = PBXFileReference; lastKnownFileType = folder.assetcatalog; path = "Preview Assets.xcassets"; sourceTree = "<group>"; };
		B3B97D5325AA7B3600BEC4F6 /* Info.plist */ = {isa = PBXFileReference; lastKnownFileType = text.plist.xml; path = Info.plist; sourceTree = "<group>"; };
		B3B97D6425AA7DDD00BEC4F6 /* episodes.json */ = {isa = PBXFileReference; fileEncoding = 4; lastKnownFileType = text.json; path = episodes.json; sourceTree = SOURCE_ROOT; };
		B3B97D6525AA7DDD00BEC4F6 /* collections.json */ = {isa = PBXFileReference; fileEncoding = 4; lastKnownFileType = text.json; path = collections.json; sourceTree = SOURCE_ROOT; };
		B3B97D6925AA7E0800BEC4F6 /* Model.swift */ = {isa = PBXFileReference; lastKnownFileType = sourcecode.swift; path = Model.swift; sourceTree = "<group>"; };
		B3B97D6E25AA7EBC00BEC4F6 /* Resource.swift */ = {isa = PBXFileReference; lastKnownFileType = sourcecode.swift; path = Resource.swift; sourceTree = "<group>"; };
		B3B97D7225AA841F00BEC4F6 /* CollectionsList.swift */ = {isa = PBXFileReference; lastKnownFileType = sourcecode.swift; path = CollectionsList.swift; sourceTree = "<group>"; };
		B3B97D7525AA882200BEC4F6 /* CollectionDetails.swift */ = {isa = PBXFileReference; lastKnownFileType = sourcecode.swift; path = CollectionDetails.swift; sourceTree = "<group>"; };
/* End PBXFileReference section */

/* Begin PBXFrameworksBuildPhase section */
		B3B97D4425AA7B3300BEC4F6 /* Frameworks */ = {
			isa = PBXFrameworksBuildPhase;
			buildActionMask = 2147483647;
			files = (
				B3B97D6225AA7D3300BEC4F6 /* ViewHelpers in Frameworks */,
				B3B97D6025AA7D3300BEC4F6 /* Model in Frameworks */,
				B3B97D5C25AA7CEB00BEC4F6 /* TinyNetworking in Frameworks */,
			);
			runOnlyForDeploymentPostprocessing = 0;
		};
/* End PBXFrameworksBuildPhase section */

/* Begin PBXGroup section */
		B356B28B25B396AE008AA0DC /* Views */ = {
			isa = PBXGroup;
			children = (
				B3B97D4A25AA7B3300BEC4F6 /* SwiftTalkApp.swift */,
				B356B28725B39215008AA0DC /* EpisodeView.swift */,
				B356B28325B38EAE008AA0DC /* AllEpisodes.swift */,
				B3B97D7525AA882200BEC4F6 /* CollectionDetails.swift */,
				B3B97D7225AA841F00BEC4F6 /* CollectionsList.swift */,
				B3B97D4C25AA7B3300BEC4F6 /* ContentView.swift */,
				B356B28D25B397B9008AA0DC /* EpisodeViewView.swift */,
				B356B29025B3B169008AA0DC /* Player.swift */,
			);
			path = Views;
			sourceTree = "<group>";
		};
		B3B97D3E25AA7B3300BEC4F6 = {
			isa = PBXGroup;
			children = (
				B3B97D4925AA7B3300BEC4F6 /* SwiftTalk */,
				B3B97D4825AA7B3300BEC4F6 /* Products */,
			);
			sourceTree = "<group>";
		};
		B3B97D4825AA7B3300BEC4F6 /* Products */ = {
			isa = PBXGroup;
			children = (
				B3B97D4725AA7B3300BEC4F6 /* SwiftTalk.app */,
			);
			name = Products;
			sourceTree = "<group>";
		};
		B3B97D4925AA7B3300BEC4F6 /* SwiftTalk */ = {
			isa = PBXGroup;
			children = (
				B356B28B25B396AE008AA0DC /* Views */,
				B3B97D6525AA7DDD00BEC4F6 /* collections.json */,
				B3B97D6425AA7DDD00BEC4F6 /* episodes.json */,
				B3B97D5325AA7B3600BEC4F6 /* Info.plist */,
				B3B97D6925AA7E0800BEC4F6 /* Model.swift */,
				B3B97D6E25AA7EBC00BEC4F6 /* Resource.swift */,
				B3B97D4E25AA7B3600BEC4F6 /* Assets.xcassets */,
				B3B97D5025AA7B3600BEC4F6 /* Preview Content */,
			);
			path = SwiftTalk;
			sourceTree = "<group>";
		};
		B3B97D5025AA7B3600BEC4F6 /* Preview Content */ = {
			isa = PBXGroup;
			children = (
				B3B97D5125AA7B3600BEC4F6 /* Preview Assets.xcassets */,
			);
			path = "Preview Content";
			sourceTree = "<group>";
		};
/* End PBXGroup section */

/* Begin PBXNativeTarget section */
		B3B97D4625AA7B3300BEC4F6 /* SwiftTalk */ = {
			isa = PBXNativeTarget;
			buildConfigurationList = B3B97D5625AA7B3600BEC4F6 /* Build configuration list for PBXNativeTarget "SwiftTalk" */;
			buildPhases = (
				B3B97D4325AA7B3300BEC4F6 /* Sources */,
				B3B97D4425AA7B3300BEC4F6 /* Frameworks */,
				B3B97D4525AA7B3300BEC4F6 /* Resources */,
			);
			buildRules = (
			);
			dependencies = (
			);
			name = SwiftTalk;
			packageProductDependencies = (
				B3B97D5B25AA7CEB00BEC4F6 /* TinyNetworking */,
				B3B97D5F25AA7D3300BEC4F6 /* Model */,
				B3B97D6125AA7D3300BEC4F6 /* ViewHelpers */,
			);
			productName = SwiftTalk;
			productReference = B3B97D4725AA7B3300BEC4F6 /* SwiftTalk.app */;
			productType = "com.apple.product-type.application";
		};
/* End PBXNativeTarget section */

/* Begin PBXProject section */
		B3B97D3F25AA7B3300BEC4F6 /* Project object */ = {
			isa = PBXProject;
			attributes = {
				LastSwiftUpdateCheck = 1230;
				LastUpgradeCheck = 1230;
				TargetAttributes = {
					B3B97D4625AA7B3300BEC4F6 = {
						CreatedOnToolsVersion = 12.3;
					};
				};
			};
			buildConfigurationList = B3B97D4225AA7B3300BEC4F6 /* Build configuration list for PBXProject "SwiftTalk" */;
			compatibilityVersion = "Xcode 9.3";
			developmentRegion = en;
			hasScannedForEncodings = 0;
			knownRegions = (
				en,
				Base,
			);
			mainGroup = B3B97D3E25AA7B3300BEC4F6;
			packageReferences = (
				B3B97D5A25AA7CEB00BEC4F6 /* XCRemoteSwiftPackageReference "tiny-networking" */,
				B3B97D5E25AA7D3300BEC4F6 /* XCRemoteSwiftPackageReference "swift-talk-shared" */,
			);
			productRefGroup = B3B97D4825AA7B3300BEC4F6 /* Products */;
			projectDirPath = "";
			projectRoot = "";
			targets = (
				B3B97D4625AA7B3300BEC4F6 /* SwiftTalk */,
			);
		};
/* End PBXProject section */

/* Begin PBXResourcesBuildPhase section */
		B3B97D4525AA7B3300BEC4F6 /* Resources */ = {
			isa = PBXResourcesBuildPhase;
			buildActionMask = 2147483647;
			files = (
				B3B97D6625AA7DDD00BEC4F6 /* episodes.json in Resources */,
				B3B97D5225AA7B3600BEC4F6 /* Preview Assets.xcassets in Resources */,
				B3B97D4F25AA7B3600BEC4F6 /* Assets.xcassets in Resources */,
				B3B97D6725AA7DDD00BEC4F6 /* collections.json in Resources */,
			);
			runOnlyForDeploymentPostprocessing = 0;
		};
/* End PBXResourcesBuildPhase section */

/* Begin PBXSourcesBuildPhase section */
		B3B97D4325AA7B3300BEC4F6 /* Sources */ = {
			isa = PBXSourcesBuildPhase;
			buildActionMask = 2147483647;
			files = (
				B356B28825B39215008AA0DC /* EpisodeView.swift in Sources */,
				B3B97D6A25AA7E0800BEC4F6 /* Model.swift in Sources */,
				B356B28E25B397B9008AA0DC /* EpisodeViewView.swift in Sources */,
				B356B28425B38EAE008AA0DC /* AllEpisodes.swift in Sources */,
				B3B97D7325AA841F00BEC4F6 /* CollectionsList.swift in Sources */,
				B3B97D7625AA882200BEC4F6 /* CollectionDetails.swift in Sources */,
				B3B97D6F25AA7EBC00BEC4F6 /* Resource.swift in Sources */,
				B3B97D4D25AA7B3300BEC4F6 /* ContentView.swift in Sources */,
				B356B29125B3B169008AA0DC /* Player.swift in Sources */,
				B3B97D4B25AA7B3300BEC4F6 /* SwiftTalkApp.swift in Sources */,
			);
			runOnlyForDeploymentPostprocessing = 0;
		};
/* End PBXSourcesBuildPhase section */

/* Begin XCBuildConfiguration section */
		B3B97D5425AA7B3600BEC4F6 /* Debug */ = {
			isa = XCBuildConfiguration;
			buildSettings = {
				ALWAYS_SEARCH_USER_PATHS = NO;
				CLANG_ANALYZER_NONNULL = YES;
				CLANG_ANALYZER_NUMBER_OBJECT_CONVERSION = YES_AGGRESSIVE;
				CLANG_CXX_LANGUAGE_STANDARD = "gnu++14";
				CLANG_CXX_LIBRARY = "libc++";
				CLANG_ENABLE_MODULES = YES;
				CLANG_ENABLE_OBJC_ARC = YES;
				CLANG_ENABLE_OBJC_WEAK = YES;
				CLANG_WARN_BLOCK_CAPTURE_AUTORELEASING = YES;
				CLANG_WARN_BOOL_CONVERSION = YES;
				CLANG_WARN_COMMA = YES;
				CLANG_WARN_CONSTANT_CONVERSION = YES;
				CLANG_WARN_DEPRECATED_OBJC_IMPLEMENTATIONS = YES;
				CLANG_WARN_DIRECT_OBJC_ISA_USAGE = YES_ERROR;
				CLANG_WARN_DOCUMENTATION_COMMENTS = YES;
				CLANG_WARN_EMPTY_BODY = YES;
				CLANG_WARN_ENUM_CONVERSION = YES;
				CLANG_WARN_INFINITE_RECURSION = YES;
				CLANG_WARN_INT_CONVERSION = YES;
				CLANG_WARN_NON_LITERAL_NULL_CONVERSION = YES;
				CLANG_WARN_OBJC_IMPLICIT_RETAIN_SELF = YES;
				CLANG_WARN_OBJC_LITERAL_CONVERSION = YES;
				CLANG_WARN_OBJC_ROOT_CLASS = YES_ERROR;
				CLANG_WARN_QUOTED_INCLUDE_IN_FRAMEWORK_HEADER = YES;
				CLANG_WARN_RANGE_LOOP_ANALYSIS = YES;
				CLANG_WARN_STRICT_PROTOTYPES = YES;
				CLANG_WARN_SUSPICIOUS_MOVE = YES;
				CLANG_WARN_UNGUARDED_AVAILABILITY = YES_AGGRESSIVE;
				CLANG_WARN_UNREACHABLE_CODE = YES;
				CLANG_WARN__DUPLICATE_METHOD_MATCH = YES;
				COPY_PHASE_STRIP = NO;
				DEBUG_INFORMATION_FORMAT = dwarf;
				ENABLE_STRICT_OBJC_MSGSEND = YES;
				ENABLE_TESTABILITY = YES;
				GCC_C_LANGUAGE_STANDARD = gnu11;
				GCC_DYNAMIC_NO_PIC = NO;
				GCC_NO_COMMON_BLOCKS = YES;
				GCC_OPTIMIZATION_LEVEL = 0;
				GCC_PREPROCESSOR_DEFINITIONS = (
					"DEBUG=1",
					"$(inherited)",
				);
				GCC_WARN_64_TO_32_BIT_CONVERSION = YES;
				GCC_WARN_ABOUT_RETURN_TYPE = YES_ERROR;
				GCC_WARN_UNDECLARED_SELECTOR = YES;
				GCC_WARN_UNINITIALIZED_AUTOS = YES_AGGRESSIVE;
				GCC_WARN_UNUSED_FUNCTION = YES;
				GCC_WARN_UNUSED_VARIABLE = YES;
				IPHONEOS_DEPLOYMENT_TARGET = 14.3;
				MTL_ENABLE_DEBUG_INFO = INCLUDE_SOURCE;
				MTL_FAST_MATH = YES;
				ONLY_ACTIVE_ARCH = YES;
				SDKROOT = iphoneos;
				SWIFT_ACTIVE_COMPILATION_CONDITIONS = DEBUG;
				SWIFT_OPTIMIZATION_LEVEL = "-Onone";
			};
			name = Debug;
		};
		B3B97D5525AA7B3600BEC4F6 /* Release */ = {
			isa = XCBuildConfiguration;
			buildSettings = {
				ALWAYS_SEARCH_USER_PATHS = NO;
				CLANG_ANALYZER_NONNULL = YES;
				CLANG_ANALYZER_NUMBER_OBJECT_CONVERSION = YES_AGGRESSIVE;
				CLANG_CXX_LANGUAGE_STANDARD = "gnu++14";
				CLANG_CXX_LIBRARY = "libc++";
				CLANG_ENABLE_MODULES = YES;
				CLANG_ENABLE_OBJC_ARC = YES;
				CLANG_ENABLE_OBJC_WEAK = YES;
				CLANG_WARN_BLOCK_CAPTURE_AUTORELEASING = YES;
				CLANG_WARN_BOOL_CONVERSION = YES;
				CLANG_WARN_COMMA = YES;
				CLANG_WARN_CONSTANT_CONVERSION = YES;
				CLANG_WARN_DEPRECATED_OBJC_IMPLEMENTATIONS = YES;
				CLANG_WARN_DIRECT_OBJC_ISA_USAGE = YES_ERROR;
				CLANG_WARN_DOCUMENTATION_COMMENTS = YES;
				CLANG_WARN_EMPTY_BODY = YES;
				CLANG_WARN_ENUM_CONVERSION = YES;
				CLANG_WARN_INFINITE_RECURSION = YES;
				CLANG_WARN_INT_CONVERSION = YES;
				CLANG_WARN_NON_LITERAL_NULL_CONVERSION = YES;
				CLANG_WARN_OBJC_IMPLICIT_RETAIN_SELF = YES;
				CLANG_WARN_OBJC_LITERAL_CONVERSION = YES;
				CLANG_WARN_OBJC_ROOT_CLASS = YES_ERROR;
				CLANG_WARN_QUOTED_INCLUDE_IN_FRAMEWORK_HEADER = YES;
				CLANG_WARN_RANGE_LOOP_ANALYSIS = YES;
				CLANG_WARN_STRICT_PROTOTYPES = YES;
				CLANG_WARN_SUSPICIOUS_MOVE = YES;
				CLANG_WARN_UNGUARDED_AVAILABILITY = YES_AGGRESSIVE;
				CLANG_WARN_UNREACHABLE_CODE = YES;
				CLANG_WARN__DUPLICATE_METHOD_MATCH = YES;
				COPY_PHASE_STRIP = NO;
				DEBUG_INFORMATION_FORMAT = "dwarf-with-dsym";
				ENABLE_NS_ASSERTIONS = NO;
				ENABLE_STRICT_OBJC_MSGSEND = YES;
				GCC_C_LANGUAGE_STANDARD = gnu11;
				GCC_NO_COMMON_BLOCKS = YES;
				GCC_WARN_64_TO_32_BIT_CONVERSION = YES;
				GCC_WARN_ABOUT_RETURN_TYPE = YES_ERROR;
				GCC_WARN_UNDECLARED_SELECTOR = YES;
				GCC_WARN_UNINITIALIZED_AUTOS = YES_AGGRESSIVE;
				GCC_WARN_UNUSED_FUNCTION = YES;
				GCC_WARN_UNUSED_VARIABLE = YES;
				IPHONEOS_DEPLOYMENT_TARGET = 14.3;
				MTL_ENABLE_DEBUG_INFO = NO;
				MTL_FAST_MATH = YES;
				SDKROOT = iphoneos;
				SWIFT_COMPILATION_MODE = wholemodule;
				SWIFT_OPTIMIZATION_LEVEL = "-O";
				VALIDATE_PRODUCT = YES;
			};
			name = Release;
		};
		B3B97D5725AA7B3600BEC4F6 /* Debug */ = {
			isa = XCBuildConfiguration;
			buildSettings = {
				ASSETCATALOG_COMPILER_APPICON_NAME = AppIcon;
				ASSETCATALOG_COMPILER_GLOBAL_ACCENT_COLOR_NAME = AccentColor;
				CODE_SIGN_STYLE = Automatic;
				DEVELOPMENT_ASSET_PATHS = "\"SwiftTalk/Preview Content\"";
				DEVELOPMENT_TEAM = A6ABDQ3489;
				ENABLE_PREVIEWS = YES;
				INFOPLIST_FILE = SwiftTalk/Info.plist;
				IPHONEOS_DEPLOYMENT_TARGET = 14.0;
				LD_RUNPATH_SEARCH_PATHS = (
					"$(inherited)",
					"@executable_path/Frameworks",
				);
				PRODUCT_BUNDLE_IDENTIFIER = com.leopicado.SwiftTalk;
				PRODUCT_NAME = "$(TARGET_NAME)";
				SWIFT_VERSION = 5.0;
				TARGETED_DEVICE_FAMILY = "1,2";
			};
			name = Debug;
		};
		B3B97D5825AA7B3600BEC4F6 /* Release */ = {
			isa = XCBuildConfiguration;
			buildSettings = {
				ASSETCATALOG_COMPILER_APPICON_NAME = AppIcon;
				ASSETCATALOG_COMPILER_GLOBAL_ACCENT_COLOR_NAME = AccentColor;
				CODE_SIGN_STYLE = Automatic;
				DEVELOPMENT_ASSET_PATHS = "\"SwiftTalk/Preview Content\"";
				DEVELOPMENT_TEAM = A6ABDQ3489;
				ENABLE_PREVIEWS = YES;
				INFOPLIST_FILE = SwiftTalk/Info.plist;
				IPHONEOS_DEPLOYMENT_TARGET = 14.0;
				LD_RUNPATH_SEARCH_PATHS = (
					"$(inherited)",
					"@executable_path/Frameworks",
				);
				PRODUCT_BUNDLE_IDENTIFIER = com.leopicado.SwiftTalk;
				PRODUCT_NAME = "$(TARGET_NAME)";
				SWIFT_VERSION = 5.0;
				TARGETED_DEVICE_FAMILY = "1,2";
			};
			name = Release;
		};
/* End XCBuildConfiguration section */

/* Begin XCConfigurationList section */
		B3B97D4225AA7B3300BEC4F6 /* Build configuration list for PBXProject "SwiftTalk" */ = {
			isa = XCConfigurationList;
			buildConfigurations = (
				B3B97D5425AA7B3600BEC4F6 /* Debug */,
				B3B97D5525AA7B3600BEC4F6 /* Release */,
			);
			defaultConfigurationIsVisible = 0;
			defaultConfigurationName = Release;
		};
		B3B97D5625AA7B3600BEC4F6 /* Build configuration list for PBXNativeTarget "SwiftTalk" */ = {
			isa = XCConfigurationList;
			buildConfigurations = (
				B3B97D5725AA7B3600BEC4F6 /* Debug */,
				B3B97D5825AA7B3600BEC4F6 /* Release */,
			);
			defaultConfigurationIsVisible = 0;
			defaultConfigurationName = Release;
		};
/* End XCConfigurationList section */

/* Begin XCRemoteSwiftPackageReference section */
		B3B97D5A25AA7CEB00BEC4F6 /* XCRemoteSwiftPackageReference "tiny-networking" */ = {
			isa = XCRemoteSwiftPackageReference;
			repositoryURL = "https://github.com/objcio/tiny-networking";
			requirement = {
				branch = master;
				kind = branch;
			};
		};
		B3B97D5E25AA7D3300BEC4F6 /* XCRemoteSwiftPackageReference "swift-talk-shared" */ = {
			isa = XCRemoteSwiftPackageReference;
			repositoryURL = "https://github.com/objcio/swift-talk-shared";
			requirement = {
				branch = master;
				kind = branch;
			};
		};
/* End XCRemoteSwiftPackageReference section */

/* Begin XCSwiftPackageProductDependency section */
		B3B97D5B25AA7CEB00BEC4F6 /* TinyNetworking */ = {
			isa = XCSwiftPackageProductDependency;
			package = B3B97D5A25AA7CEB00BEC4F6 /* XCRemoteSwiftPackageReference "tiny-networking" */;
			productName = TinyNetworking;
		};
		B3B97D5F25AA7D3300BEC4F6 /* Model */ = {
			isa = XCSwiftPackageProductDependency;
			package = B3B97D5E25AA7D3300BEC4F6 /* XCRemoteSwiftPackageReference "swift-talk-shared" */;
			productName = Model;
		};
		B3B97D6125AA7D3300BEC4F6 /* ViewHelpers */ = {
			isa = XCSwiftPackageProductDependency;
			package = B3B97D5E25AA7D3300BEC4F6 /* XCRemoteSwiftPackageReference "swift-talk-shared" */;
			productName = ViewHelpers;
		};
/* End XCSwiftPackageProductDependency section */
	};
	rootObject = B3B97D3F25AA7B3300BEC4F6 /* Project object */;
}
